
Microsoft Visual Studio Solution File, Format Version 12.00
# Visual Studio 15
VisualStudioVersion = 15.0.27130.2036
MinimumVisualStudioVersion = 10.0.40219.1
Project("{FAE04EC0-301F-11D3-BF4B-00C04F79EFBC}") = "KatalogPiw.Android", "KatalogPiw\KatalogPiw.Android\KatalogPiw.Android.csproj", "{A6BA34ED-F9AD-4449-BAD6-08F46B8A80CB}"
EndProject
Project("{FAE04EC0-301F-11D3-BF4B-00C04F79EFBC}") = "KatalogPiw.iOS", "KatalogPiw\KatalogPiw.iOS\KatalogPiw.iOS.csproj", "{4B27BE33-6914-4444-A422-2E9E876BADEF}"
EndProject
Project("{FAE04EC0-301F-11D3-BF4B-00C04F79EFBC}") = "KatalogPiw.UWP", "KatalogPiw\KatalogPiw.UWP\KatalogPiw.UWP.csproj", "{1EF2C97B-C599-4633-9332-EDF797B42D0D}"
EndProject
Project("{D954291E-2A0B-460D-934E-DC6B0785DB48}") = "KatalogPiw", "KatalogPiw\KatalogPiw\KatalogPiw.shproj", "{6C7763E7-23A0-4ED2-9C84-18654A80D5E5}"
EndProject
Global
	GlobalSection(SharedMSBuildProjectFiles) = preSolution
		KatalogPiw\KatalogPiw\KatalogPiw.projitems*{1ef2c97b-c599-4633-9332-edf797b42d0d}*SharedItemsImports = 4
		KatalogPiw\KatalogPiw\KatalogPiw.projitems*{4b27be33-6914-4444-a422-2e9e876badef}*SharedItemsImports = 4
		KatalogPiw\KatalogPiw\KatalogPiw.projitems*{6c7763e7-23a0-4ed2-9c84-18654a80d5e5}*SharedItemsImports = 13
		KatalogPiw\KatalogPiw\KatalogPiw.projitems*{a6ba34ed-f9ad-4449-bad6-08f46b8a80cb}*SharedItemsImports = 4
	EndGlobalSection
	GlobalSection(SolutionConfigurationPlatforms) = preSolution
		Ad-Hoc|Any CPU = Ad-Hoc|Any CPU
		Ad-Hoc|ARM = Ad-Hoc|ARM
		Ad-Hoc|iPhone = Ad-Hoc|iPhone
		Ad-Hoc|iPhoneSimulator = Ad-Hoc|iPhoneSimulator
		Ad-Hoc|x64 = Ad-Hoc|x64
		Ad-Hoc|x86 = Ad-Hoc|x86
		AppStore|Any CPU = AppStore|Any CPU
		AppStore|ARM = AppStore|ARM
		AppStore|iPhone = AppStore|iPhone
		AppStore|iPhoneSimulator = AppStore|iPhoneSimulator
		AppStore|x64 = AppStore|x64
		AppStore|x86 = AppStore|x86
		Debug|Any CPU = Debug|Any CPU
		Debug|ARM = Debug|ARM
		Debug|iPhone = Debug|iPhone
		Debug|iPhoneSimulator = Debug|iPhoneSimulator
		Debug|x64 = Debug|x64
		Debug|x86 = Debug|x86
		Release|Any CPU = Release|Any CPU
		Release|ARM = Release|ARM
		Release|iPhone = Release|iPhone
		Release|iPhoneSimulator = Release|iPhoneSimulator
		Release|x64 = Release|x64
		Release|x86 = Release|x86
	EndGlobalSection
	GlobalSection(ProjectConfigurationPlatforms) = postSolution
		{A6BA34ED-F9AD-4449-BAD6-08F46B8A80CB}.Ad-Hoc|Any CPU.ActiveCfg = Release|Any CPU
		{A6BA34ED-F9AD-4449-BAD6-08F46B8A80CB}.Ad-Hoc|Any CPU.Build.0 = Release|Any CPU
		{A6BA34ED-F9AD-4449-BAD6-08F46B8A80CB}.Ad-Hoc|Any CPU.Deploy.0 = Release|Any CPU
		{A6BA34ED-F9AD-4449-BAD6-08F46B8A80CB}.Ad-Hoc|ARM.ActiveCfg = Release|Any CPU
		{A6BA34ED-F9AD-4449-BAD6-08F46B8A80CB}.Ad-Hoc|ARM.Build.0 = Release|Any CPU
		{A6BA34ED-F9AD-4449-BAD6-08F46B8A80CB}.Ad-Hoc|ARM.Deploy.0 = Release|Any CPU
		{A6BA34ED-F9AD-4449-BAD6-08F46B8A80CB}.Ad-Hoc|iPhone.ActiveCfg = Release|Any CPU
		{A6BA34ED-F9AD-4449-BAD6-08F46B8A80CB}.Ad-Hoc|iPhone.Build.0 = Release|Any CPU
		{A6BA34ED-F9AD-4449-BAD6-08F46B8A80CB}.Ad-Hoc|iPhone.Deploy.0 = Release|Any CPU
		{A6BA34ED-F9AD-4449-BAD6-08F46B8A80CB}.Ad-Hoc|iPhoneSimulator.ActiveCfg = Release|Any CPU
		{A6BA34ED-F9AD-4449-BAD6-08F46B8A80CB}.Ad-Hoc|iPhoneSimulator.Build.0 = Release|Any CPU
		{A6BA34ED-F9AD-4449-BAD6-08F46B8A80CB}.Ad-Hoc|iPhoneSimulator.Deploy.0 = Release|Any CPU
		{A6BA34ED-F9AD-4449-BAD6-08F46B8A80CB}.Ad-Hoc|x64.ActiveCfg = Release|Any CPU
		{A6BA34ED-F9AD-4449-BAD6-08F46B8A80CB}.Ad-Hoc|x64.Build.0 = Release|Any CPU
		{A6BA34ED-F9AD-4449-BAD6-08F46B8A80CB}.Ad-Hoc|x64.Deploy.0 = Release|Any CPU
		{A6BA34ED-F9AD-4449-BAD6-08F46B8A80CB}.Ad-Hoc|x86.ActiveCfg = Release|Any CPU
		{A6BA34ED-F9AD-4449-BAD6-08F46B8A80CB}.Ad-Hoc|x86.Build.0 = Release|Any CPU
		{A6BA34ED-F9AD-4449-BAD6-08F46B8A80CB}.Ad-Hoc|x86.Deploy.0 = Release|Any CPU
		{A6BA34ED-F9AD-4449-BAD6-08F46B8A80CB}.AppStore|Any CPU.ActiveCfg = Release|Any CPU
		{A6BA34ED-F9AD-4449-BAD6-08F46B8A80CB}.AppStore|Any CPU.Build.0 = Release|Any CPU
		{A6BA34ED-F9AD-4449-BAD6-08F46B8A80CB}.AppStore|Any CPU.Deploy.0 = Release|Any CPU
		{A6BA34ED-F9AD-4449-BAD6-08F46B8A80CB}.AppStore|ARM.ActiveCfg = Release|Any CPU
		{A6BA34ED-F9AD-4449-BAD6-08F46B8A80CB}.AppStore|ARM.Build.0 = Release|Any CPU
		{A6BA34ED-F9AD-4449-BAD6-08F46B8A80CB}.AppStore|ARM.Deploy.0 = Release|Any CPU
		{A6BA34ED-F9AD-4449-BAD6-08F46B8A80CB}.AppStore|iPhone.ActiveCfg = Release|Any CPU
		{A6BA34ED-F9AD-4449-BAD6-08F46B8A80CB}.AppStore|iPhone.Build.0 = Release|Any CPU
		{A6BA34ED-F9AD-4449-BAD6-08F46B8A80CB}.AppStore|iPhone.Deploy.0 = Release|Any CPU
		{A6BA34ED-F9AD-4449-BAD6-08F46B8A80CB}.AppStore|iPhoneSimulator.ActiveCfg = Release|Any CPU
		{A6BA34ED-F9AD-4449-BAD6-08F46B8A80CB}.AppStore|iPhoneSimulator.Build.0 = Release|Any CPU
		{A6BA34ED-F9AD-4449-BAD6-08F46B8A80CB}.AppStore|iPhoneSimulator.Deploy.0 = Release|Any CPU
		{A6BA34ED-F9AD-4449-BAD6-08F46B8A80CB}.AppStore|x64.ActiveCfg = Release|Any CPU
		{A6BA34ED-F9AD-4449-BAD6-08F46B8A80CB}.AppStore|x64.Build.0 = Release|Any CPU
		{A6BA34ED-F9AD-4449-BAD6-08F46B8A80CB}.AppStore|x64.Deploy.0 = Release|Any CPU
		{A6BA34ED-F9AD-4449-BAD6-08F46B8A80CB}.AppStore|x86.ActiveCfg = Release|Any CPU
		{A6BA34ED-F9AD-4449-BAD6-08F46B8A80CB}.AppStore|x86.Build.0 = Release|Any CPU
		{A6BA34ED-F9AD-4449-BAD6-08F46B8A80CB}.AppStore|x86.Deploy.0 = Release|Any CPU
		{A6BA34ED-F9AD-4449-BAD6-08F46B8A80CB}.Debug|Any CPU.ActiveCfg = Debug|Any CPU
		{A6BA34ED-F9AD-4449-BAD6-08F46B8A80CB}.Debug|Any CPU.Build.0 = Debug|Any CPU
		{A6BA34ED-F9AD-4449-BAD6-08F46B8A80CB}.Debug|Any CPU.Deploy.0 = Debug|Any CPU
		{A6BA34ED-F9AD-4449-BAD6-08F46B8A80CB}.Debug|ARM.ActiveCfg = Debug|Any CPU
		{A6BA34ED-F9AD-4449-BAD6-08F46B8A80CB}.Debug|ARM.Build.0 = Debug|Any CPU
		{A6BA34ED-F9AD-4449-BAD6-08F46B8A80CB}.Debug|ARM.Deploy.0 = Debug|Any CPU
		{A6BA34ED-F9AD-4449-BAD6-08F46B8A80CB}.Debug|iPhone.ActiveCfg = Debug|Any CPU
		{A6BA34ED-F9AD-4449-BAD6-08F46B8A80CB}.Debug|iPhone.Build.0 = Debug|Any CPU
		{A6BA34ED-F9AD-4449-BAD6-08F46B8A80CB}.Debug|iPhone.Deploy.0 = Debug|Any CPU
		{A6BA34ED-F9AD-4449-BAD6-08F46B8A80CB}.Debug|iPhoneSimulator.ActiveCfg = Debug|Any CPU
		{A6BA34ED-F9AD-4449-BAD6-08F46B8A80CB}.Debug|iPhoneSimulator.Build.0 = Debug|Any CPU
		{A6BA34ED-F9AD-4449-BAD6-08F46B8A80CB}.Debug|iPhoneSimulator.Deploy.0 = Debug|Any CPU
		{A6BA34ED-F9AD-4449-BAD6-08F46B8A80CB}.Debug|x64.ActiveCfg = Debug|Any CPU
		{A6BA34ED-F9AD-4449-BAD6-08F46B8A80CB}.Debug|x64.Build.0 = Debug|Any CPU
		{A6BA34ED-F9AD-4449-BAD6-08F46B8A80CB}.Debug|x64.Deploy.0 = Debug|Any CPU
		{A6BA34ED-F9AD-4449-BAD6-08F46B8A80CB}.Debug|x86.ActiveCfg = Debug|Any CPU
		{A6BA34ED-F9AD-4449-BAD6-08F46B8A80CB}.Debug|x86.Build.0 = Debug|Any CPU
		{A6BA34ED-F9AD-4449-BAD6-08F46B8A80CB}.Debug|x86.Deploy.0 = Debug|Any CPU
		{A6BA34ED-F9AD-4449-BAD6-08F46B8A80CB}.Release|Any CPU.ActiveCfg = Release|Any CPU
		{A6BA34ED-F9AD-4449-BAD6-08F46B8A80CB}.Release|Any CPU.Build.0 = Release|Any CPU
		{A6BA34ED-F9AD-4449-BAD6-08F46B8A80CB}.Release|Any CPU.Deploy.0 = Release|Any CPU
		{A6BA34ED-F9AD-4449-BAD6-08F46B8A80CB}.Release|ARM.ActiveCfg = Release|Any CPU
		{A6BA34ED-F9AD-4449-BAD6-08F46B8A80CB}.Release|ARM.Build.0 = Release|Any CPU
		{A6BA34ED-F9AD-4449-BAD6-08F46B8A80CB}.Release|ARM.Deploy.0 = Release|Any CPU
		{A6BA34ED-F9AD-4449-BAD6-08F46B8A80CB}.Release|iPhone.ActiveCfg = Release|Any CPU
		{A6BA34ED-F9AD-4449-BAD6-08F46B8A80CB}.Release|iPhone.Build.0 = Release|Any CPU
		{A6BA34ED-F9AD-4449-BAD6-08F46B8A80CB}.Release|iPhone.Deploy.0 = Release|Any CPU
		{A6BA34ED-F9AD-4449-BAD6-08F46B8A80CB}.Release|iPhoneSimulator.ActiveCfg = Release|Any CPU
		{A6BA34ED-F9AD-4449-BAD6-08F46B8A80CB}.Release|iPhoneSimulator.Build.0 = Release|Any CPU
		{A6BA34ED-F9AD-4449-BAD6-08F46B8A80CB}.Release|iPhoneSimulator.Deploy.0 = Release|Any CPU
		{A6BA34ED-F9AD-4449-BAD6-08F46B8A80CB}.Release|x64.ActiveCfg = Release|Any CPU
		{A6BA34ED-F9AD-4449-BAD6-08F46B8A80CB}.Release|x64.Build.0 = Release|Any CPU
		{A6BA34ED-F9AD-4449-BAD6-08F46B8A80CB}.Release|x64.Deploy.0 = Release|Any CPU
		{A6BA34ED-F9AD-4449-BAD6-08F46B8A80CB}.Release|x86.ActiveCfg = Release|Any CPU
		{4B27BE33-6914-4444-A422-2E9E876BADEF}.Ad-Hoc|Any CPU.ActiveCfg = Ad-Hoc|iPhone
		{4B27BE33-6914-4444-A422-2E9E876BADEF}.Ad-Hoc|ARM.ActiveCfg = Ad-Hoc|iPhone
		{4B27BE33-6914-4444-A422-2E9E876BADEF}.Ad-Hoc|iPhone.ActiveCfg = Ad-Hoc|iPhone
		{4B27BE33-6914-4444-A422-2E9E876BADEF}.Ad-Hoc|iPhone.Build.0 = Ad-Hoc|iPhone
		{4B27BE33-6914-4444-A422-2E9E876BADEF}.Ad-Hoc|iPhoneSimulator.ActiveCfg = Ad-Hoc|iPhoneSimulator
		{4B27BE33-6914-4444-A422-2E9E876BADEF}.Ad-Hoc|iPhoneSimulator.Build.0 = Ad-Hoc|iPhoneSimulator
		{4B27BE33-6914-4444-A422-2E9E876BADEF}.Ad-Hoc|x64.ActiveCfg = Ad-Hoc|iPhone
		{4B27BE33-6914-4444-A422-2E9E876BADEF}.Ad-Hoc|x86.ActiveCfg = Ad-Hoc|iPhone
		{4B27BE33-6914-4444-A422-2E9E876BADEF}.AppStore|Any CPU.ActiveCfg = AppStore|iPhone
		{4B27BE33-6914-4444-A422-2E9E876BADEF}.AppStore|ARM.ActiveCfg = AppStore|iPhone
		{4B27BE33-6914-4444-A422-2E9E876BADEF}.AppStore|iPhone.ActiveCfg = AppStore|iPhone
		{4B27BE33-6914-4444-A422-2E9E876BADEF}.AppStore|iPhone.Build.0 = AppStore|iPhone
		{4B27BE33-6914-4444-A422-2E9E876BADEF}.AppStore|iPhoneSimulator.ActiveCfg = AppStore|iPhoneSimulator
		{4B27BE33-6914-4444-A422-2E9E876BADEF}.AppStore|iPhoneSimulator.Build.0 = AppStore|iPhoneSimulator
		{4B27BE33-6914-4444-A422-2E9E876BADEF}.AppStore|x64.ActiveCfg = AppStore|iPhone
		{4B27BE33-6914-4444-A422-2E9E876BADEF}.AppStore|x86.ActiveCfg = AppStore|iPhone
		{4B27BE33-6914-4444-A422-2E9E876BADEF}.Debug|Any CPU.ActiveCfg = Debug|iPhone
		{4B27BE33-6914-4444-A422-2E9E876BADEF}.Debug|ARM.ActiveCfg = Debug|iPhone
		{4B27BE33-6914-4444-A422-2E9E876BADEF}.Debug|iPhone.ActiveCfg = Debug|iPhone
		{4B27BE33-6914-4444-A422-2E9E876BADEF}.Debug|iPhone.Build.0 = Debug|iPhone
		{4B27BE33-6914-4444-A422-2E9E876BADEF}.Debug|iPhoneSimulator.ActiveCfg = Debug|iPhoneSimulator
		{4B27BE33-6914-4444-A422-2E9E876BADEF}.Debug|iPhoneSimulator.Build.0 = Debug|iPhoneSimulator
		{4B27BE33-6914-4444-A422-2E9E876BADEF}.Debug|x64.ActiveCfg = Debug|iPhone
		{4B27BE33-6914-4444-A422-2E9E876BADEF}.Debug|x86.ActiveCfg = Debug|iPhone
		{4B27BE33-6914-4444-A422-2E9E876BADEF}.Release|Any CPU.ActiveCfg = Release|iPhone
		{4B27BE33-6914-4444-A422-2E9E876BADEF}.Release|ARM.ActiveCfg = Release|iPhone
		{4B27BE33-6914-4444-A422-2E9E876BADEF}.Release|iPhone.ActiveCfg = Release|iPhone
		{4B27BE33-6914-4444-A422-2E9E876BADEF}.Release|iPhone.Build.0 = Release|iPhone
		{4B27BE33-6914-4444-A422-2E9E876BADEF}.Release|iPhoneSimulator.ActiveCfg = Release|iPhoneSimulator
		{4B27BE33-6914-4444-A422-2E9E876BADEF}.Release|iPhoneSimulator.Build.0 = Release|iPhoneSimulator
		{4B27BE33-6914-4444-A422-2E9E876BADEF}.Release|x64.ActiveCfg = Release|iPhone
		{4B27BE33-6914-4444-A422-2E9E876BADEF}.Release|x86.ActiveCfg = Release|iPhone
		{1EF2C97B-C599-4633-9332-EDF797B42D0D}.Ad-Hoc|Any CPU.ActiveCfg = Release|x86
		{1EF2C97B-C599-4633-9332-EDF797B42D0D}.Ad-Hoc|Any CPU.Build.0 = Release|x86
		{1EF2C97B-C599-4633-9332-EDF797B42D0D}.Ad-Hoc|Any CPU.Deploy.0 = Release|x86
		{1EF2C97B-C599-4633-9332-EDF797B42D0D}.Ad-Hoc|ARM.ActiveCfg = Release|ARM
		{1EF2C97B-C599-4633-9332-EDF797B42D0D}.Ad-Hoc|ARM.Build.0 = Release|ARM
		{1EF2C97B-C599-4633-9332-EDF797B42D0D}.Ad-Hoc|ARM.Deploy.0 = Release|ARM
		{1EF2C97B-C599-4633-9332-EDF797B42D0D}.Ad-Hoc|iPhone.ActiveCfg = Release|x86
		{1EF2C97B-C599-4633-9332-EDF797B42D0D}.Ad-Hoc|iPhone.Build.0 = Release|x86
		{1EF2C97B-C599-4633-9332-EDF797B42D0D}.Ad-Hoc|iPhone.Deploy.0 = Release|x86
		{1EF2C97B-C599-4633-9332-EDF797B42D0D}.Ad-Hoc|iPhoneSimulator.ActiveCfg = Release|x86
		{1EF2C97B-C599-4633-9332-EDF797B42D0D}.Ad-Hoc|iPhoneSimulator.Build.0 = Release|x86
		{1EF2C97B-C599-4633-9332-EDF797B42D0D}.Ad-Hoc|iPhoneSimulator.Deploy.0 = Release|x86
		{1EF2C97B-C599-4633-9332-EDF797B42D0D}.Ad-Hoc|x64.ActiveCfg = Release|x64
		{1EF2C97B-C599-4633-9332-EDF797B42D0D}.Ad-Hoc|x64.Build.0 = Release|x64
		{1EF2C97B-C599-4633-9332-EDF797B42D0D}.Ad-Hoc|x64.Deploy.0 = Release|x64
		{1EF2C97B-C599-4633-9332-EDF797B42D0D}.Ad-Hoc|x86.ActiveCfg = Release|x86
		{1EF2C97B-C599-4633-9332-EDF797B42D0D}.Ad-Hoc|x86.Build.0 = Release|x86
		{1EF2C97B-C599-4633-9332-EDF797B42D0D}.Ad-Hoc|x86.Deploy.0 = Release|x86
		{1EF2C97B-C599-4633-9332-EDF797B42D0D}.AppStore|Any CPU.ActiveCfg = Release|x86
		{1EF2C97B-C599-4633-9332-EDF797B42D0D}.AppStore|Any CPU.Build.0 = Release|x86
		{1EF2C97B-C599-4633-9332-EDF797B42D0D}.AppStore|Any CPU.Deploy.0 = Release|x86
		{1EF2C97B-C599-4633-9332-EDF797B42D0D}.AppStore|ARM.ActiveCfg = Release|ARM
		{1EF2C97B-C599-4633-9332-EDF797B42D0D}.AppStore|ARM.Build.0 = Release|ARM
		{1EF2C97B-C599-4633-9332-EDF797B42D0D}.AppStore|ARM.Deploy.0 = Release|ARM
		{1EF2C97B-C599-4633-9332-EDF797B42D0D}.AppStore|iPhone.ActiveCfg = Release|x86
		{1EF2C97B-C599-4633-9332-EDF797B42D0D}.AppStore|iPhone.Build.0 = Release|x86
		{1EF2C97B-C599-4633-9332-EDF797B42D0D}.AppStore|iPhone.Deploy.0 = Release|x86
		{1EF2C97B-C599-4633-9332-EDF797B42D0D}.AppStore|iPhoneSimulator.ActiveCfg = Release|x86
		{1EF2C97B-C599-4633-9332-EDF797B42D0D}.AppStore|iPhoneSimulator.Build.0 = Release|x86
		{1EF2C97B-C599-4633-9332-EDF797B42D0D}.AppStore|iPhoneSimulator.Deploy.0 = Release|x86
		{1EF2C97B-C599-4633-9332-EDF797B42D0D}.AppStore|x64.ActiveCfg = Release|x64
		{1EF2C97B-C599-4633-9332-EDF797B42D0D}.AppStore|x64.Build.0 = Release|x64
		{1EF2C97B-C599-4633-9332-EDF797B42D0D}.AppStore|x64.Deploy.0 = Release|x64
		{1EF2C97B-C599-4633-9332-EDF797B42D0D}.AppStore|x86.ActiveCfg = Release|x86
		{1EF2C97B-C599-4633-9332-EDF797B42D0D}.AppStore|x86.Build.0 = Release|x86
		{1EF2C97B-C599-4633-9332-EDF797B42D0D}.AppStore|x86.Deploy.0 = Release|x86
		{1EF2C97B-C599-4633-9332-EDF797B42D0D}.Debug|Any CPU.ActiveCfg = Debug|x86
		{1EF2C97B-C599-4633-9332-EDF797B42D0D}.Debug|ARM.ActiveCfg = Debug|ARM
		{1EF2C97B-C599-4633-9332-EDF797B42D0D}.Debug|ARM.Build.0 = Debug|ARM
		{1EF2C97B-C599-4633-9332-EDF797B42D0D}.Debug|ARM.Deploy.0 = Debug|ARM
		{1EF2C97B-C599-4633-9332-EDF797B42D0D}.Debug|iPhone.ActiveCfg = Debug|x86
		{1EF2C97B-C599-4633-9332-EDF797B42D0D}.Debug|iPhoneSimulator.ActiveCfg = Debug|x86
		{1EF2C97B-C599-4633-9332-EDF797B42D0D}.Debug|x64.ActiveCfg = Debug|x64
		{1EF2C97B-C599-4633-9332-EDF797B42D0D}.Debug|x64.Build.0 = Debug|x64
		{1EF2C97B-C599-4633-9332-EDF797B42D0D}.Debug|x64.Deploy.0 = Debug|x64
		{1EF2C97B-C599-4633-9332-EDF797B42D0D}.Debug|x86.ActiveCfg = Debug|x86
		{1EF2C97B-C599-4633-9332-EDF797B42D0D}.Debug|x86.Build.0 = Debug|x86
		{1EF2C97B-C599-4633-9332-EDF797B42D0D}.Debug|x86.Deploy.0 = Debug|x86
		{1EF2C97B-C599-4633-9332-EDF797B42D0D}.Release|Any CPU.ActiveCfg = Release|x86
		{1EF2C97B-C599-4633-9332-EDF797B42D0D}.Release|ARM.ActiveCfg = Release|ARM
		{1EF2C97B-C599-4633-9332-EDF797B42D0D}.Release|ARM.Build.0 = Release|ARM
		{1EF2C97B-C599-4633-9332-EDF797B42D0D}.Release|ARM.Deploy.0 = Release|ARM
		{1EF2C97B-C599-4633-9332-EDF797B42D0D}.Release|iPhone.ActiveCfg = Release|x86
		{1EF2C97B-C599-4633-9332-EDF797B42D0D}.Release|iPhoneSimulator.ActiveCfg = Release|x86
		{1EF2C97B-C599-4633-9332-EDF797B42D0D}.Release|x64.ActiveCfg = Release|x64
		{1EF2C97B-C599-4633-9332-EDF797B42D0D}.Release|x64.Build.0 = Release|x64
		{1EF2C97B-C599-4633-9332-EDF797B42D0D}.Release|x64.Deploy.0 = Release|x64
		{1EF2C97B-C599-4633-9332-EDF797B42D0D}.Release|x86.ActiveCfg = Release|x86
		{1EF2C97B-C599-4633-9332-EDF797B42D0D}.Release|x86.Build.0 = Release|x86
		{1EF2C97B-C599-4633-9332-EDF797B42D0D}.Release|x86.Deploy.0 = Release|x86
	EndGlobalSection
	GlobalSection(SolutionProperties) = preSolution
		HideSolutionNode = FALSE
	EndGlobalSection
	GlobalSection(ExtensibilityGlobals) = postSolution
		SolutionGuid = {B3B571AF-B689-4002-89B3-44294BE963AE}
	EndGlobalSection
EndGlobal
